lockfileVersion: '6.1'

settings:
  autoInstallPeers: true
  excludeLinksFromLockfile: false

dependencies:
  '@frontend/fake':
    specifier: workspace:*
    version: link:../../packages/fake
  '@frontend/ids-react-ts':
    specifier: workspace:*
    version: link:../../packages/ids-react-ts
  redux-persist:
    specifier: ^6.0.0
    version: 6.0.0(redux@4.2.1)

devDependencies:
  eslint-config-react:
    specifier: workspace:*
    version: link:../../packages/eslint-config-react

packages:

  /@babel/runtime@7.22.6:
    resolution: {integrity: sha512-wDb5pWm4WDdF6LFUde3Jl8WzPA+3ZbxYqkC6xAXuD3irdEHN1k0NfTRrJD8ZD378SJ61miMLCqIOXYhd8x+AJQ==}
    engines: {node: '>=6.9.0'}
    dependencies:
      regenerator-runtime: 0.13.11
    dev: false

  /redux-persist@6.0.0(redux@4.2.1):
    resolution: {integrity: sha512-71LLMbUq2r02ng2We9S215LtPu3fY0KgaGE0k8WRgl6RkqxtGfl7HUozz1Dftwsb0D/5mZ8dwAaPbtnzfvbEwQ==}
    peerDependencies:
      react: '>=16'
      redux: '>4.0.0'
    peerDependenciesMeta:
      react:
        optional: true
    dependencies:
      redux: 4.2.1
    dev: false

  /redux@4.2.1:
    resolution: {integrity: sha512-LAUYz4lc+Do8/g7aeRa8JkyDErK6ekstQaqWQrNRW//MY1TvCEpMtpTWvlQ+FPbWCx+Xixu/6SHt5N0HR+SB4w==}
    dependencies:
      '@babel/runtime': 7.22.6
    dev: false

  /regenerator-runtime@0.13.11:
    resolution: {integrity: sha512-kY1AZVr2Ra+t+piVaJ4gxaFaReZVH40AKNo7UCX6W+dEwBo/2oZJzqfuN1qLq1oL45o56cPaTXELwrTh8Fpggg==}
    dev: false
